
Microsoft Visual Studio Solution File, Format Version 12.00
# Visual Studio Version 16
VisualStudioVersion = 16.0.28922.388
MinimumVisualStudioVersion = 10.0.40219.1
Project("{FAE04EC0-301F-11D3-BF4B-00C04F79EFBC}") = "RpgGame", "RpgGame\RpgGame.csproj", "{AFC786F1-1CC4-4E24-8BC7-4948077270E5}"
EndProject
Global
	GlobalSection(SolutionConfigurationPlatforms) = preSolution
		Debug|Any CPU = Debug|Any CPU
		Release|Any CPU = Release|Any CPU
	EndGlobalSection
	GlobalSection(ProjectConfigurationPlatforms) = postSolution
		{AFC786F1-1CC4-4E24-8BC7-4948077270E5}.Debug|Any CPU.ActiveCfg = Debug|Any CPU
		{AFC786F1-1CC4-4E24-8BC7-4948077270E5}.Debug|Any CPU.Build.0 = Debug|Any CPU
		{AFC786F1-1CC4-4E24-8BC7-4948077270E5}.Release|Any CPU.ActiveCfg = Release|Any CPU
		{AFC786F1-1CC4-4E24-8BC7-4948077270E5}.Release|Any CPU.Build.0 = Release|Any CPU
	EndGlobalSection
	GlobalSection(SolutionProperties) = preSolution
		HideSolutionNode = FALSE
	EndGlobalSection
	GlobalSection(ExtensibilityGlobals) = postSolution
		SolutionGuid = {73B66904-4880-4D4D-9A01-C5CE0B030E57}
	EndGlobalSection
EndGlobal
